
Microsoft Visual Studio Solution File, Format Version 12.00
# Visual Studio Version 17
VisualStudioVersion = 17.14.37502.11
MinimumVisualStudioVersion = 10.0.40219.1
Project("{FAE04EC0-301F-11D3-BF4B-00C04F79EFBC}") = "FinanceTracker", "FinanceTracker\FinanceTracker.csproj", "{766DB6A5-5C8D-4CAF-8830-37F7F6554BFE}"
EndProject
Project("{FAE04EC0-301F-11D3-BF4B-00C04F79EFBC}") = "FinanceTracker.Tests", "FinanceTracker.Tests\FinanceTracker.Tests.csproj", "{E738BE3B-70D6-496B-89F3-BF7899F4E918}"
EndProject
Global
	GlobalSection(SolutionConfigurationPlatforms) = preSolution
		Debug|Any CPU = Debug|Any CPU
		Release|Any CPU = Release|Any CPU
	EndGlobalSection
	GlobalSection(ProjectConfigurationPlatforms) = postSolution
		{766DB6A5-5C8D-4CAF-8830-37F7F6554BFE}.Debug|Any CPU.ActiveCfg = Debug|Any CPU
		{766DB6A5-5C8D-4CAF-8830-37F7F6554BFE}.Debug|Any CPU.Build.0 = Debug|Any CPU
		{766DB6A5-5C8D-4CAF-8830-37F7F6554BFE}.Release|Any CPU.ActiveCfg = Release|Any CPU
		{766DB6A5-5C8D-4CAF-8830-37F7F6554BFE}.Release|Any CPU.Build.0 = Release|Any CPU
		{E738BE3B-70D6-496B-89F3-BF7899F4E918}.Debug|Any CPU.ActiveCfg = Debug|Any CPU
		{E738BE3B-70D6-496B-89F3-BF7899F4E918}.Debug|Any CPU.Build.0 = Debug|Any CPU
		{E738BE3B-70D6-496B-89F3-BF7899F4E918}.Release|Any CPU.ActiveCfg = Release|Any CPU
		{E738BE3B-70D6-496B-89F3-BF7899F4E918}.Release|Any CPU.Build.0 = Release|Any CPU
	EndGlobalSection
	GlobalSection(SolutionProperties) = preSolution
		HideSolutionNode = FALSE
	EndGlobalSection
	GlobalSection(ExtensibilityGlobals) = postSolution
		SolutionGuid = {D6574C51-4E56-4F93-B803-E99BB9DB30CF}
	EndGlobalSection
EndGlobal
